// !$*UTF8*$!
{
	archiveVersion = 1;
	classes = {
	};
	objectVersion = 46;
	objects = {

/* Begin PBXBuildFile section */
		74A2D45019BCC69A000269FC /* PeripheralManagerDelegate.swift in Sources */ = {isa = PBXBuildFile; fileRef = 74A2D44F19BCC69A000269FC /* PeripheralManagerDelegate.swift */; };
		74F15D1719BC289C0078628E /* AppDelegate.swift in Sources */ = {isa = PBXBuildFile; fileRef = 74F15D1619BC289C0078628E /* AppDelegate.swift */; };
		74F15D1919BC289C0078628E /* ViewController.swift in Sources */ = {isa = PBXBuildFile; fileRef = 74F15D1819BC289C0078628E /* ViewController.swift */; };
		74F15D1C19BC289C0078628E /* Main.storyboard in Resources */ = {isa = PBXBuildFile; fileRef = 74F15D1A19BC289C0078628E /* Main.storyboard */; };
		74F15D1E19BC289C0078628E /* Images.xcassets in Resources */ = {isa = PBXBuildFile; fileRef = 74F15D1D19BC289C0078628E /* Images.xcassets */; };
		74F15D2A19BC289C0078628E /* SampleBLETests.swift in Sources */ = {isa = PBXBuildFile; fileRef = 74F15D2919BC289C0078628E /* SampleBLETests.swift */; };
		74F15D3419BC94430078628E /* CoreBluetooth.framework in Frameworks */ = {isa = PBXBuildFile; fileRef = 74F15D3319BC94430078628E /* CoreBluetooth.framework */; };
/* End PBXBuildFile section */

/* Begin PBXContainerItemProxy section */
		74F15D2419BC289C0078628E /* PBXContainerItemProxy */ = {
			isa = PBXContainerItemProxy;
			containerPortal = 74F15D0919BC289C0078628E /* Project object */;
			proxyType = 1;
			remoteGlobalIDString = 74F15D1019BC289C0078628E;
			remoteInfo = SampleBLE;
		};
/* End PBXContainerItemProxy section */

/* Begin PBXFileReference section */
		74A2D44F19BCC69A000269FC /* PeripheralManagerDelegate.swift */ = {isa = PBXFileReference; fileEncoding = 4; lastKnownFileType = sourcecode.swift; path = PeripheralManagerDelegate.swift; sourceTree = "<group>"; };
		74F15D1119BC289C0078628E /* SampleBLE.app */ = {isa = PBXFileReference; explicitFileType = wrapper.application; includeInIndex = 0; path = SampleBLE.app; sourceTree = BUILT_PRODUCTS_DIR; };
		74F15D1519BC289C0078628E /* Info.plist */ = {isa = PBXFileReference; lastKnownFileType = text.plist.xml; path = Info.plist; sourceTree = "<group>"; };
		74F15D1619BC289C0078628E /* AppDelegate.swift */ = {isa = PBXFileReference; lastKnownFileType = sourcecode.swift; path = AppDelegate.swift; sourceTree = "<group>"; };
		74F15D1819BC289C0078628E /* ViewController.swift */ = {isa = PBXFileReference; lastKnownFileType = sourcecode.swift; path = ViewController.swift; sourceTree = "<group>"; };
		74F15D1B19BC289C0078628E /* Base */ = {isa = PBXFileReference; lastKnownFileType = file.storyboard; name = Base; path = Base.lproj/Main.storyboard; sourceTree = "<group>"; };
		74F15D1D19BC289C0078628E /* Images.xcassets */ = {isa = PBXFileReference; lastKnownFileType = folder.assetcatalog; path = Images.xcassets; sourceTree = "<group>"; };
		74F15D2319BC289C0078628E /* SampleBLETests.xctest */ = {isa = PBXFileReference; explicitFileType = wrapper.cfbundle; includeInIndex = 0; path = SampleBLETests.xctest; sourceTree = BUILT_PRODUCTS_DIR; };
		74F15D2819BC289C0078628E /* Info.plist */ = {isa = PBXFileReference; lastKnownFileType = text.plist.xml; path = Info.plist; sourceTree = "<group>"; };
		74F15D2919BC289C0078628E /* SampleBLETests.swift */ = {isa = PBXFileReference; lastKnownFileType = sourcecode.swift; path = SampleBLETests.swift; sourceTree = "<group>"; };
		74F15D3319BC94430078628E /* CoreBluetooth.framework */ = {isa = PBXFileReference; lastKnownFileType = wrapper.framework; name = CoreBluetooth.framework; path = System/Library/Frameworks/CoreBluetooth.framework; sourceTree = SDKROOT; };
/* End PBXFileReference section */

/* Begin PBXFrameworksBuildPhase section */
		74F15D0E19BC289C0078628E /* Frameworks */ = {
			isa = PBXFrameworksBuildPhase;
			buildActionMask = 2147483647;
			files = (
				74F15D3419BC94430078628E /* CoreBluetooth.framework in Frameworks */,
			);
			runOnlyForDeploymentPostprocessing = 0;
		};
		74F15D2019BC289C0078628E /* Frameworks */ = {
			isa = PBXFrameworksBuildPhase;
			buildActionMask = 2147483647;
			files = (
			);
			runOnlyForDeploymentPostprocessing = 0;
		};
/* End PBXFrameworksBuildPhase section */

/* Begin PBXGroup section */
		74F15D0819BC289C0078628E = {
			isa = PBXGroup;
			children = (
				74F15D3319BC94430078628E /* CoreBluetooth.framework */,
				74F15D1319BC289C0078628E /* SampleBLE */,
				74F15D2619BC289C0078628E /* SampleBLETests */,
				74F15D1219BC289C0078628E /* Products */,
			);
			sourceTree = "<group>";
		};
		74F15D1219BC289C0078628E /* Products */ = {
			isa = PBXGroup;
			children = (
				74F15D1119BC289C0078628E /* SampleBLE.app */,
				74F15D2319BC289C0078628E /* SampleBLETests.xctest */,
			);
			name = Products;
			sourceTree = "<group>";
		};
		74F15D1319BC289C0078628E /* SampleBLE */ = {
			isa = PBXGroup;
			children = (
				74F15D1619BC289C0078628E /* AppDelegate.swift */,
				74F15D1819BC289C0078628E /* ViewController.swift */,
				74F15D1A19BC289C0078628E /* Main.storyboard */,
				74F15D1D19BC289C0078628E /* Images.xcassets */,
				74F15D1419BC289C0078628E /* Supporting Files */,
				74A2D44F19BCC69A000269FC /* PeripheralManagerDelegate.swift */,
			);
			path = SampleBLE;
			sourceTree = "<group>";
		};
		74F15D1419BC289C0078628E /* Supporting Files */ = {
			isa = PBXGroup;
			children = (
				74F15D1519BC289C0078628E /* Info.plist */,
			);
			name = "Supporting Files";
			sourceTree = "<group>";
		};
		74F15D2619BC289C0078628E /* SampleBLETests */ = {
			isa = PBXGroup;
			children = (
				74F15D2919BC289C0078628E /* SampleBLETests.swift */,
				74F15D2719BC289C0078628E /* Supporting Files */,
			);
			path = SampleBLETests;
			sourceTree = "<group>";
		};
		74F15D2719BC289C0078628E /* Supporting Files */ = {
			isa = PBXGroup;
			children = (
				74F15D2819BC289C0078628E /* Info.plist */,
			);
			name = "Supporting Files";
			sourceTree = "<group>";
		};
/* End PBXGroup section */

/* Begin PBXNativeTarget section */
		74F15D1019BC289C0078628E /* SampleBLE */ = {
			isa = PBXNativeTarget;
			buildConfigurationList = 74F15D2D19BC289C0078628E /* Build configuration list for PBXNativeTarget "SampleBLE" */;
			buildPhases = (
				74F15D0D19BC289C0078628E /* Sources */,
				74F15D0E19BC289C0078628E /* Frameworks */,
				74F15D0F19BC289C0078628E /* Resources */,
			);
			buildRules = (
			);
			dependencies = (
			);
			name = SampleBLE;
			productName = SampleBLE;
			productReference = 74F15D1119BC289C0078628E /* SampleBLE.app */;
			productType = "com.apple.product-type.application";
		};
		74F15D2219BC289C0078628E /* SampleBLETests */ = {
			isa = PBXNativeTarget;
			buildConfigurationList = 74F15D3019BC289C0078628E /* Build configuration list for PBXNativeTarget "SampleBLETests" */;
			buildPhases = (
				74F15D1F19BC289C0078628E /* Sources */,
				74F15D2019BC289C0078628E /* Frameworks */,
				74F15D2119BC289C0078628E /* Resources */,
			);
			buildRules = (
			);
			dependencies = (
				74F15D2519BC289C0078628E /* PBXTargetDependency */,
			);
			name = SampleBLETests;
			productName = SampleBLETests;
			productReference = 74F15D2319BC289C0078628E /* SampleBLETests.xctest */;
			productType = "com.apple.product-type.bundle.unit-test";
		};
/* End PBXNativeTarget section */

/* Begin PBXProject section */
		74F15D0919BC289C0078628E /* Project object */ = {
			isa = PBXProject;
			attributes = {
				LastUpgradeCheck = 0600;
				ORGANIZATIONNAME = scarviz;
				TargetAttributes = {
					74F15D1019BC289C0078628E = {
						CreatedOnToolsVersion = 6.0;
					};
					74F15D2219BC289C0078628E = {
						CreatedOnToolsVersion = 6.0;
						TestTargetID = 74F15D1019BC289C0078628E;
					};
				};
			};
			buildConfigurationList = 74F15D0C19BC289C0078628E /* Build configuration list for PBXProject "SampleBLE" */;
			compatibilityVersion = "Xcode 3.2";
			developmentRegion = English;
			hasScannedForEncodings = 0;
			knownRegions = (
				en,
				Base,
			);
			mainGroup = 74F15D0819BC289C0078628E;
			productRefGroup = 74F15D1219BC289C0078628E /* Products */;
			projectDirPath = "";
			projectRoot = "";
			targets = (
				74F15D1019BC289C0078628E /* SampleBLE */,
				74F15D2219BC289C0078628E /* SampleBLETests */,
			);
		};
/* End PBXProject section */

/* Begin PBXResourcesBuildPhase section */
		74F15D0F19BC289C0078628E /* Resources */ = {
			isa = PBXResourcesBuildPhase;
			buildActionMask = 2147483647;
			files = (
				74F15D1C19BC289C0078628E /* Main.storyboard in Resources */,
				74F15D1E19BC289C0078628E /* Images.xcassets in Resources */,
			);
			runOnlyForDeploymentPostprocessing = 0;
		};
		74F15D2119BC289C0078628E /* Resources */ = {
			isa = PBXResourcesBuildPhase;
			buildActionMask = 2147483647;
			files = (
			);
			runOnlyForDeploymentPostprocessing = 0;
		};
/* End PBXResourcesBuildPhase section */

/* Begin PBXSourcesBuildPhase section */
		74F15D0D19BC289C0078628E /* Sources */ = {
			isa = PBXSourcesBuildPhase;
			buildActionMask = 2147483647;
			files = (
				74F15D1919BC289C0078628E /* ViewController.swift in Sources */,
				74F15D1719BC289C0078628E /* AppDelegate.swift in Sources */,
				74A2D45019BCC69A000269FC /* PeripheralManagerDelegate.swift in Sources */,
			);
			runOnlyForDeploymentPostprocessing = 0;
		};
		74F15D1F19BC289C0078628E /* Sources */ = {
			isa = PBXSourcesBuildPhase;
			buildActionMask = 2147483647;
			files = (
				74F15D2A19BC289C0078628E /* SampleBLETests.swift in Sources */,
			);
			runOnlyForDeploymentPostprocessing = 0;
		};
/* End PBXSourcesBuildPhase section */

/* Begin PBXTargetDependency section */
		74F15D2519BC289C0078628E /* PBXTargetDependency */ = {
			isa = PBXTargetDependency;
			target = 74F15D1019BC289C0078628E /* SampleBLE */;
			targetProxy = 74F15D2419BC289C0078628E /* PBXContainerItemProxy */;
		};
/* End PBXTargetDependency section */

/* Begin PBXVariantGroup section */
		74F15D1A19BC289C0078628E /* Main.storyboard */ = {
			isa = PBXVariantGroup;
			children = (
				74F15D1B19BC289C0078628E /* Base */,
			);
			name = Main.storyboard;
			sourceTree = "<group>";
		};
/* End PBXVariantGroup section */

/* Begin XCBuildConfiguration section */
		74F15D2B19BC289C0078628E /* Debug */ = {
			isa = XCBuildConfiguration;
			buildSettings = {
				ALWAYS_SEARCH_USER_PATHS = NO;
				CLANG_CXX_LANGUAGE_STANDARD = "gnu++0x";
				CLANG_CXX_LIBRARY = "libc++";
				CLANG_ENABLE_MODULES = YES;
				CLANG_ENABLE_OBJC_ARC = YES;
				CLANG_WARN_BOOL_CONVERSION = YES;
				CLANG_WARN_CONSTANT_CONVERSION = YES;
				CLANG_WARN_DIRECT_OBJC_ISA_USAGE = YES_ERROR;
				CLANG_WARN_EMPTY_BODY = YES;
				CLANG_WARN_ENUM_CONVERSION = YES;
				CLANG_WARN_INT_CONVERSION = YES;
				CLANG_WARN_OBJC_ROOT_CLASS = YES_ERROR;
				CLANG_WARN_UNREACHABLE_CODE = YES;
				CLANG_WARN__DUPLICATE_METHOD_MATCH = YES;
				"CODE_SIGN_IDENTITY[sdk=iphoneos*]" = "iPhone Developer";
				COPY_PHASE_STRIP = NO;
				ENABLE_STRICT_OBJC_MSGSEND = YES;
				GCC_C_LANGUAGE_STANDARD = gnu99;
				GCC_DYNAMIC_NO_PIC = NO;
				GCC_OPTIMIZATION_LEVEL = 0;
				GCC_PREPROCESSOR_DEFINITIONS = (
					"DEBUG=1",
					"$(inherited)",
				);
				GCC_SYMBOLS_PRIVATE_EXTERN = NO;
				GCC_WARN_64_TO_32_BIT_CONVERSION = YES;
				GCC_WARN_ABOUT_RETURN_TYPE = YES_ERROR;
				GCC_WARN_UNDECLARED_SELECTOR = YES;
				GCC_WARN_UNINITIALIZED_AUTOS = YES_AGGRESSIVE;
				GCC_WARN_UNUSED_FUNCTION = YES;
				GCC_WARN_UNUSED_VARIABLE = YES;
				IPHONEOS_DEPLOYMENT_TARGET = 8.0;
				MTL_ENABLE_DEBUG_INFO = YES;
				ONLY_ACTIVE_ARCH = YES;
				SDKROOT = iphoneos;
				SWIFT_OPTIMIZATION_LEVEL = "-Onone";
				TARGETED_DEVICE_FAMILY = "1,2";
			};
			name = Debug;
		};
		74F15D2C19BC289C0078628E /* Release */ = {
			isa = XCBuildConfiguration;
			buildSettings = {
				ALWAYS_SEARCH_USER_PATHS = NO;
				CLANG_CXX_LANGUAGE_STANDARD = "gnu++0x";
				CLANG_CXX_LIBRARY = "libc++";
				CLANG_ENABLE_MODULES = YES;
				CLANG_ENABLE_OBJC_ARC = YES;
				CLANG_WARN_BOOL_CONVERSION = YES;
				CLANG_WARN_CONSTANT_CONVERSION = YES;
				CLANG_WARN_DIRECT_OBJC_ISA_USAGE = YES_ERROR;
				CLANG_WARN_EMPTY_BODY = YES;
				CLANG_WARN_ENUM_CONVERSION = YES;
				CLANG_WARN_INT_CONVERSION = YES;
				CLANG_WARN_OBJC_ROOT_CLASS = YES_ERROR;
				CLANG_WARN_UNREACHABLE_CODE = YES;
				CLANG_WARN__DUPLICATE_METHOD_MATCH = YES;
				"CODE_SIGN_IDENTITY[sdk=iphoneos*]" = "iPhone Developer";
				COPY_PHASE_STRIP = YES;
				ENABLE_NS_ASSERTIONS = NO;
				ENABLE_STRICT_OBJC_MSGSEND = YES;
				GCC_C_LANGUAGE_STANDARD = gnu99;
				GCC_WARN_64_TO_32_BIT_CONVERSION = YES;
				GCC_WARN_ABOUT_RETURN_TYPE = YES_ERROR;
				GCC_WARN_UNDECLARED_SELECTOR = YES;
				GCC_WARN_UNINITIALIZED_AUTOS = YES_AGGRESSIVE;
				GCC_WARN_UNUSED_FUNCTION = YES;
				GCC_WARN_UNUSED_VARIABLE = YES;
				IPHONEOS_DEPLOYMENT_TARGET = 8.0;
				MTL_ENABLE_DEBUG_INFO = NO;
				SDKROOT = iphoneos;
				TARGETED_DEVICE_FAMILY = "1,2";
				VALIDATE_PRODUCT = YES;
			};
			name = Release;
		};
		74F15D2E19BC289C0078628E /* Debug */ = {
			isa = XCBuildConfiguration;
			buildSettings = {
				ASSETCATALOG_COMPILER_APPICON_NAME = AppIcon;
				ASSETCATALOG_COMPILER_LAUNCHIMAGE_NAME = LaunchImage;
				INFOPLIST_FILE = SampleBLE/Info.plist;
				LD_RUNPATH_SEARCH_PATHS = "$(inherited) @executable_path/Frameworks";
				PRODUCT_NAME = "$(TARGET_NAME)";
			};
			name = Debug;
		};
		74F15D2F19BC289C0078628E /* Release */ = {
			isa = XCBuildConfiguration;
			buildSettings = {
				ASSETCATALOG_COMPILER_APPICON_NAME = AppIcon;
				ASSETCATALOG_COMPILER_LAUNCHIMAGE_NAME = LaunchImage;
				INFOPLIST_FILE = SampleBLE/Info.plist;
				LD_RUNPATH_SEARCH_PATHS = "$(inherited) @executable_path/Frameworks";
				PRODUCT_NAME = "$(TARGET_NAME)";
			};
			name = Release;
		};
		74F15D3119BC289C0078628E /* Debug */ = {
			isa = XCBuildConfiguration;
			buildSettings = {
				BUNDLE_LOADER = "$(TEST_HOST)";
				FRAMEWORK_SEARCH_PATHS = (
					"$(SDKROOT)/Developer/Library/Frameworks",
					"$(inherited)",
				);
				GCC_PREPROCESSOR_DEFINITIONS = (
					"DEBUG=1",
					"$(inherited)",
				);
				INFOPLIST_FILE = SampleBLETests/Info.plist;
				LD_RUNPATH_SEARCH_PATHS = "$(inherited) @executable_path/Frameworks @loader_path/Frameworks";
				PRODUCT_NAME = "$(TARGET_NAME)";
				TEST_HOST = "$(BUILT_PRODUCTS_DIR)/SampleBLE.app/SampleBLE";
			};
			name = Debug;
		};
		74F15D3219BC289C0078628E /* Release */ = {
			isa = XCBuildConfiguration;
			buildSettings = {
				BUNDLE_LOADER = "$(TEST_HOST)";
				FRAMEWORK_SEARCH_PATHS = (
					"$(SDKROOT)/Developer/Library/Frameworks",
					"$(inherited)",
				);
				INFOPLIST_FILE = SampleBLETests/Info.plist;
				LD_RUNPATH_SEARCH_PATHS = "$(inherited) @executable_path/Frameworks @loader_path/Frameworks";
				PRODUCT_NAME = "$(TARGET_NAME)";
				TEST_HOST = "$(BUILT_PRODUCTS_DIR)/SampleBLE.app/SampleBLE";
			};
			name = Release;
		};
/* End XCBuildConfiguration section */

/* Begin XCConfigurationList section */
		74F15D0C19BC289C0078628E /* Build configuration list for PBXProject "SampleBLE" */ = {
			isa = XCConfigurationList;
			buildConfigurations = (
				74F15D2B19BC289C0078628E /* Debug */,
				74F15D2C19BC289C0078628E /* Release */,
			);
			defaultConfigurationIsVisible = 0;
			defaultConfigurationName = Release;
		};
		74F15D2D19BC289C0078628E /* Build configuration list for PBXNativeTarget "SampleBLE" */ = {
			isa = XCConfigurationList;
			buildConfigurations = (
				74F15D2E19BC289C0078628E /* Debug */,
				74F15D2F19BC289C0078628E /* Release */,
			);
			defaultConfigurationIsVisible = 0;
			defaultConfigurationName = Release;
		};
		74F15D3019BC289C0078628E /* Build configuration list for PBXNativeTarget "SampleBLETests" */ = {
			isa = XCConfigurationList;
			buildConfigurations = (
				74F15D3119BC289C0078628E /* Debug */,
				74F15D3219BC289C0078628E /* Release */,
			);
			defaultConfigurationIsVisible = 0;
			defaultConfigurationName = Release;
		};
/* End XCConfigurationList section */
	};
	rootObject = 74F15D0919BC289C0078628E /* Project object */;
}
